{
  "name": "rhddx",
  "version": "1.0.0",
  "lockfileVersion": 1,
  "requires": true,
  "dependencies": {
    "@patternfly/patternfly": {
      "version": "2.46.1",
      "resolved": "https://registry.npmjs.org/@patternfly/patternfly/-/patternfly-2.46.1.tgz",
      "integrity": "sha512-3lReQMQvedwEhKOcOw7rE3RPRXMtRit+Yj1IOO7fl5EHaZaNqA1/3w9mWNCpx52M+WD8scBkgqtVx74OU7Jemw==",
      "dev": true
    }
  }
}
